
Microsoft Visual Studio Solution File, Format Version 12.00
# Visual Studio Version 17
VisualStudioVersion = 17.4.33122.133
MinimumVisualStudioVersion = 10.0.40219.1
Project("{9A19103F-16F7-4668-BE54-9A1E7A4F7556}") = "ConsoleApp", "ConsoleApp\ConsoleApp.csproj", "{335D88B1-334E-470E-91EA-32AAC8A14037}"
EndProject
Project("{9A19103F-16F7-4668-BE54-9A1E7A4F7556}") = "Model", "Model\Model.csproj", "{2DF2EA6E-A720-4E56-AF7D-9BC6AD022415}"
EndProject
Global
	GlobalSection(SolutionConfigurationPlatforms) = preSolution
		Debug|Any CPU = Debug|Any CPU
		Release|Any CPU = Release|Any CPU
	EndGlobalSection
	GlobalSection(ProjectConfigurationPlatforms) = postSolution
		{335D88B1-334E-470E-91EA-32AAC8A14037}.Debug|Any CPU.ActiveCfg = Debug|Any CPU
		{335D88B1-334E-470E-91EA-32AAC8A14037}.Debug|Any CPU.Build.0 = Debug|Any CPU
		{335D88B1-334E-470E-91EA-32AAC8A14037}.Release|Any CPU.ActiveCfg = Release|Any CPU
		{335D88B1-334E-470E-91EA-32AAC8A14037}.Release|Any CPU.Build.0 = Release|Any CPU
		{2DF2EA6E-A720-4E56-AF7D-9BC6AD022415}.Debug|Any CPU.ActiveCfg = Debug|Any CPU
		{2DF2EA6E-A720-4E56-AF7D-9BC6AD022415}.Debug|Any CPU.Build.0 = Debug|Any CPU
		{2DF2EA6E-A720-4E56-AF7D-9BC6AD022415}.Release|Any CPU.ActiveCfg = Release|Any CPU
		{2DF2EA6E-A720-4E56-AF7D-9BC6AD022415}.Release|Any CPU.Build.0 = Release|Any CPU
	EndGlobalSection
	GlobalSection(SolutionProperties) = preSolution
		HideSolutionNode = FALSE
	EndGlobalSection
	GlobalSection(ExtensibilityGlobals) = postSolution
		SolutionGuid = {2BB64AF5-527F-4ECE-9354-8CD518FCAA3F}
	EndGlobalSection
EndGlobal
